
Microsoft Visual Studio Solution File, Format Version 12.00
# Visual Studio Version 17
VisualStudioVersion = 17.14.36221.1
MinimumVisualStudioVersion = 10.0.40219.1
Project("{FAE04EC0-301F-11D3-BF4B-00C04F79EFBC}") = "PlayerWalletOperations", "PlayerWalletOperations\PlayerWalletOperations.csproj", "{6C87BA66-A8CC-467A-9BC0-39F2DAE31C7D}"
EndProject
Project("{FAE04EC0-301F-11D3-BF4B-00C04F79EFBC}") = "Services", "Services\Services.csproj", "{1F5F7597-2498-440F-B6EA-53CC62846813}"
EndProject
Project("{FAE04EC0-301F-11D3-BF4B-00C04F79EFBC}") = "PlayerWalletOperations.Test", "PlayerWalletOperations.Test\PlayerWalletOperations.Test.csproj", "{51D9185E-B0E8-438B-A382-536860D59844}"
EndProject
Project("{FAE04EC0-301F-11D3-BF4B-00C04F79EFBC}") = "RefactoringPlan", "LogicExt\RefactoringPlan.csproj", "{04AAF943-54F1-4231-B574-0E5D5618BE5B}"
EndProject
Global
	GlobalSection(SolutionConfigurationPlatforms) = preSolution
		Debug|Any CPU = Debug|Any CPU
		Release|Any CPU = Release|Any CPU
	EndGlobalSection
	GlobalSection(ProjectConfigurationPlatforms) = postSolution
		{6C87BA66-A8CC-467A-9BC0-39F2DAE31C7D}.Debug|Any CPU.ActiveCfg = Debug|Any CPU
		{6C87BA66-A8CC-467A-9BC0-39F2DAE31C7D}.Debug|Any CPU.Build.0 = Debug|Any CPU
		{6C87BA66-A8CC-467A-9BC0-39F2DAE31C7D}.Release|Any CPU.ActiveCfg = Release|Any CPU
		{6C87BA66-A8CC-467A-9BC0-39F2DAE31C7D}.Release|Any CPU.Build.0 = Release|Any CPU
		{1F5F7597-2498-440F-B6EA-53CC62846813}.Debug|Any CPU.ActiveCfg = Debug|Any CPU
		{1F5F7597-2498-440F-B6EA-53CC62846813}.Debug|Any CPU.Build.0 = Debug|Any CPU
		{1F5F7597-2498-440F-B6EA-53CC62846813}.Release|Any CPU.ActiveCfg = Release|Any CPU
		{1F5F7597-2498-440F-B6EA-53CC62846813}.Release|Any CPU.Build.0 = Release|Any CPU
		{51D9185E-B0E8-438B-A382-536860D59844}.Debug|Any CPU.ActiveCfg = Debug|Any CPU
		{51D9185E-B0E8-438B-A382-536860D59844}.Debug|Any CPU.Build.0 = Debug|Any CPU
		{51D9185E-B0E8-438B-A382-536860D59844}.Release|Any CPU.ActiveCfg = Release|Any CPU
		{51D9185E-B0E8-438B-A382-536860D59844}.Release|Any CPU.Build.0 = Release|Any CPU
		{04AAF943-54F1-4231-B574-0E5D5618BE5B}.Debug|Any CPU.ActiveCfg = Debug|Any CPU
		{04AAF943-54F1-4231-B574-0E5D5618BE5B}.Debug|Any CPU.Build.0 = Debug|Any CPU
		{04AAF943-54F1-4231-B574-0E5D5618BE5B}.Release|Any CPU.ActiveCfg = Release|Any CPU
		{04AAF943-54F1-4231-B574-0E5D5618BE5B}.Release|Any CPU.Build.0 = Release|Any CPU
	EndGlobalSection
	GlobalSection(SolutionProperties) = preSolution
		HideSolutionNode = FALSE
	EndGlobalSection
	GlobalSection(ExtensibilityGlobals) = postSolution
		SolutionGuid = {DD8B33AD-A734-4768-BBE0-54177B41F072}
	EndGlobalSection
EndGlobal
